
Microsoft Visual Studio Solution File, Format Version 12.00
# Visual Studio Version 17
VisualStudioVersion = 17.7.34031.279
MinimumVisualStudioVersion = 10.0.40219.1
Project("{FAE04EC0-301F-11D3-BF4B-00C04F79EFBC}") = "CityInfo", "CityInfo\CityInfo.csproj", "{2E390BA1-C0EF-4F77-987D-A68E7D04B52A}"
EndProject
Global
	GlobalSection(SolutionConfigurationPlatforms) = preSolution
		Debug|Any CPU = Debug|Any CPU
		Release|Any CPU = Release|Any CPU
	EndGlobalSection
	GlobalSection(ProjectConfigurationPlatforms) = postSolution
		{2E390BA1-C0EF-4F77-987D-A68E7D04B52A}.Debug|Any CPU.ActiveCfg = Debug|Any CPU
		{2E390BA1-C0EF-4F77-987D-A68E7D04B52A}.Debug|Any CPU.Build.0 = Debug|Any CPU
		{2E390BA1-C0EF-4F77-987D-A68E7D04B52A}.Release|Any CPU.ActiveCfg = Release|Any CPU
		{2E390BA1-C0EF-4F77-987D-A68E7D04B52A}.Release|Any CPU.Build.0 = Release|Any CPU
	EndGlobalSection
	GlobalSection(SolutionProperties) = preSolution
		HideSolutionNode = FALSE
	EndGlobalSection
	GlobalSection(ExtensibilityGlobals) = postSolution
		SolutionGuid = {8D832A05-3CEA-450E-9A5B-1417B34FD754}
	EndGlobalSection
EndGlobal
